{
    "_readme": [
        "This file locks the dependencies of your project to a known state",
        "Read more about it at https://getcomposer.org/doc/01-basic-usage.md#composer-lock-the-lock-file",
        "This file is @generated automatically"
    ],
    "content-hash": "b11d1fa105641e75cf75448c938ef6b6",
    "packages": [
        {
            "name": "erusev/parsedown",
            "version": "1.6.3",
            "source": {
                "type": "git",
                "url": "https://github.com/erusev/parsedown.git",
                "reference": "728952b90a333b5c6f77f06ea9422b94b585878d"
            },
            "dist": {
                "type": "zip",
                "url": "https://api.github.com/repos/erusev/parsedown/zipball/728952b90a333b5c6f77f06ea9422b94b585878d",
                "reference": "728952b90a333b5c6f77f06ea9422b94b585878d",
                "shasum": ""
            },
            "require": {
                "php": ">=5.3.0"
            },
            "type": "library",
            "autoload": {
                "psr-0": {
                    "Parsedown": ""
                }
            },
            "notification-url": "https://packagist.org/downloads/",
            "license": [
                "MIT"
            ],
            "authors": [
                {
                    "name": "Emanuil Rusev",
                    "email": "hello@erusev.com",
                    "homepage": "http://erusev.com"
                }
            ],
            "description": "Parser for Markdown.",
            "homepage": "http://parsedown.org",
            "keywords": [
                "markdown",
                "parser"
            ],
            "time": "2017-05-14T14:47:48+00:00"
        },
        {
            "name": "miya/custom-field",
            "version": "2.3.0",
            "source": {
                "type": "git",
                "url": "https://github.com/miya0001/custom-field.git",
                "reference": "fc8823f400b34dd7fc9da088c36b0516c607749a"
            },
            "dist": {
                "type": "zip",
                "url": "https://api.github.com/repos/miya0001/custom-field/zipball/fc8823f400b34dd7fc9da088c36b0516c607749a",
                "reference": "fc8823f400b34dd7fc9da088c36b0516c607749a",
                "shasum": ""
            },
            "type": "library",
            "autoload": {
                "psr-4": {
                    "Miya\\WP\\": "src/"
                }
            },
            "notification-url": "https://packagist.org/downloads/",
            "license": [
                "GPL v2"
            ],
            "authors": [
                {
                    "name": "Takayuki Miyauchi",
                    "email": "miya0001@users.noreply.github.com"
                }
            ],
            "time": "2017-09-27T12:22:15+00:00"
        },
        {
            "name": "miya/custom-field-geometry",
            "version": "dev-master",
            "source": {
                "type": "git",
                "url": "https://github.com/miya0001/custom-field-geometry.git",
                "reference": "12e2389b2e5991e8ebf84f2b067cd1b63a18dd1d"
            },
            "dist": {
                "type": "zip",
                "url": "https://api.github.com/repos/miya0001/custom-field-geometry/zipball/12e2389b2e5991e8ebf84f2b067cd1b63a18dd1d",
                "reference": "12e2389b2e5991e8ebf84f2b067cd1b63a18dd1d",
                "shasum": ""
            },
            "require": {
                "miya/custom-field": "^2.0"
            },
            "type": "library",
            "autoload": {
                "psr-4": {
                    "Miya\\WP\\Custom_Field\\": "src/"
                }
            },
            "notification-url": "https://packagist.org/downloads/",
            "license": [
                "GPL v2"
            ],
            "authors": [
                {
                    "name": "Takayuki Miyauchi",
                    "email": "miya0001@users.noreply.github.com"
                }
            ],
            "time": "2017-09-27T17:08:13+00:00"
        },
        {
            "name": "miya/gh-auto-updater",
            "version": "1.0.1",
            "source": {
                "type": "git",
                "url": "https://github.com/miya0001/gh-auto-updater.git",
                "reference": "b190c6f2740788957a3a7e18a00ddbcfd219e7d9"
            },
            "dist": {
                "type": "zip",
                "url": "https://api.github.com/repos/miya0001/gh-auto-updater/zipball/b190c6f2740788957a3a7e18a00ddbcfd219e7d9",
                "reference": "b190c6f2740788957a3a7e18a00ddbcfd219e7d9",
                "shasum": ""
            },
            "require": {
                "erusev/parsedown": "^1.6"
            },
            "require-dev": {
                "phpunit/phpunit": "^5.6"
            },
            "type": "library",
            "autoload": {
                "psr-4": {
                    "Miya\\WP\\": "src/"
                }
            },
            "notification-url": "https://packagist.org/downloads/",
            "license": [
                "GPL v2"
            ],
            "authors": [
                {
                    "name": "miya0001",
                    "email": "miya@wpist.me"
                }
            ],
            "time": "2017-02-13T01:00:48+00:00"
        }
    ],
    "packages-dev": [],
    "aliases": [],
    "minimum-stability": "dev",
    "stability-flags": {
        "miya/custom-field-geometry": 20
    },
    "prefer-stable": true,
    "prefer-lowest": false,
    "platform": [],
    "platform-dev": []
}
